
Microsoft Visual Studio Solution File, Format Version 12.00
# Visual Studio 15
VisualStudioVersion = 15.0.28010.2048
MinimumVisualStudioVersion = 10.0.40219.1
Project("{FAE04EC0-301F-11D3-BF4B-00C04F79EFBC}") = "VIS_carRental", "VIS_carRental\VIS_carRental.csproj", "{C1295225-64ED-4C67-8043-0EDBFE843F44}"
EndProject
Project("{FAE04EC0-301F-11D3-BF4B-00C04F79EFBC}") = "DomainLayer", "ClassLibrary1\DomainLayer.csproj", "{8F83D0B9-426A-42FE-9B87-CE0B176E1149}"
EndProject
Project("{FAE04EC0-301F-11D3-BF4B-00C04F79EFBC}") = "DataLayer", "DataLayer\DataLayer.csproj", "{EBC5A2A7-0F30-415B-91BD-47A136B0F0C8}"
EndProject
Project("{FAE04EC0-301F-11D3-BF4B-00C04F79EFBC}") = "Vis_web", "Vis_web\Vis_web.csproj", "{52A52E8B-0BA0-46F0-875A-0BF6DC63A8D4}"
EndProject
Global
	GlobalSection(SolutionConfigurationPlatforms) = preSolution
		Debug|Any CPU = Debug|Any CPU
		Release|Any CPU = Release|Any CPU
	EndGlobalSection
	GlobalSection(ProjectConfigurationPlatforms) = postSolution
		{C1295225-64ED-4C67-8043-0EDBFE843F44}.Debug|Any CPU.ActiveCfg = Debug|Any CPU
		{C1295225-64ED-4C67-8043-0EDBFE843F44}.Debug|Any CPU.Build.0 = Debug|Any CPU
		{C1295225-64ED-4C67-8043-0EDBFE843F44}.Release|Any CPU.ActiveCfg = Release|Any CPU
		{C1295225-64ED-4C67-8043-0EDBFE843F44}.Release|Any CPU.Build.0 = Release|Any CPU
		{8F83D0B9-426A-42FE-9B87-CE0B176E1149}.Debug|Any CPU.ActiveCfg = Debug|Any CPU
		{8F83D0B9-426A-42FE-9B87-CE0B176E1149}.Debug|Any CPU.Build.0 = Debug|Any CPU
		{8F83D0B9-426A-42FE-9B87-CE0B176E1149}.Release|Any CPU.ActiveCfg = Release|Any CPU
		{8F83D0B9-426A-42FE-9B87-CE0B176E1149}.Release|Any CPU.Build.0 = Release|Any CPU
		{EBC5A2A7-0F30-415B-91BD-47A136B0F0C8}.Debug|Any CPU.ActiveCfg = Debug|Any CPU
		{EBC5A2A7-0F30-415B-91BD-47A136B0F0C8}.Debug|Any CPU.Build.0 = Debug|Any CPU
		{EBC5A2A7-0F30-415B-91BD-47A136B0F0C8}.Release|Any CPU.ActiveCfg = Release|Any CPU
		{EBC5A2A7-0F30-415B-91BD-47A136B0F0C8}.Release|Any CPU.Build.0 = Release|Any CPU
		{52A52E8B-0BA0-46F0-875A-0BF6DC63A8D4}.Debug|Any CPU.ActiveCfg = Debug|Any CPU
		{52A52E8B-0BA0-46F0-875A-0BF6DC63A8D4}.Debug|Any CPU.Build.0 = Debug|Any CPU
		{52A52E8B-0BA0-46F0-875A-0BF6DC63A8D4}.Release|Any CPU.ActiveCfg = Release|Any CPU
		{52A52E8B-0BA0-46F0-875A-0BF6DC63A8D4}.Release|Any CPU.Build.0 = Release|Any CPU
	EndGlobalSection
	GlobalSection(SolutionProperties) = preSolution
		HideSolutionNode = FALSE
	EndGlobalSection
	GlobalSection(ExtensibilityGlobals) = postSolution
		SolutionGuid = {7AE0890B-BD31-4544-82CE-631BAB9F1820}
	EndGlobalSection
EndGlobal
